// !$*UTF8*$!
{
	archiveVersion = 1;
	classes = {
	};
	objectVersion = 50;
	objects = {

/* Begin PBXBuildFile section */
		746F80D92506DFD80073C306 /* VS2Controller.swift in Sources */ = {isa = PBXBuildFile; fileRef = 746F80D82506DFD80073C306 /* VS2Controller.swift */; };
		746F80DA2506DFD80073C306 /* VS2Controller.swift in Sources */ = {isa = PBXBuildFile; fileRef = 746F80D82506DFD80073C306 /* VS2Controller.swift */; };
		746F80DC2506DFE70073C306 /* VS2Blender.swift in Sources */ = {isa = PBXBuildFile; fileRef = 746F80DB2506DFE70073C306 /* VS2Blender.swift */; };
		746F80DD2506DFE70073C306 /* VS2Blender.swift in Sources */ = {isa = PBXBuildFile; fileRef = 746F80DB2506DFE70073C306 /* VS2Blender.swift */; };
		746F80E12507AACF0073C306 /* VS2View.swift in Sources */ = {isa = PBXBuildFile; fileRef = 746F80E02507AACE0073C306 /* VS2View.swift */; };
		746F80E42507D16F0073C306 /* VS2View.swift in Sources */ = {isa = PBXBuildFile; fileRef = 746F80E32507D16F0073C306 /* VS2View.swift */; };
		746F80E72507EE430073C306 /* toone.metal in Sources */ = {isa = PBXBuildFile; fileRef = 746F80E62507EE430073C306 /* toone.metal */; };
		746F80E82507EE430073C306 /* toone.metal in Sources */ = {isa = PBXBuildFile; fileRef = 746F80E62507EE430073C306 /* toone.metal */; };
		746F80EA2507EEED0073C306 /* VS2TooneFilter.swift in Sources */ = {isa = PBXBuildFile; fileRef = 746F80E92507EEED0073C306 /* VS2TooneFilter.swift */; };
		746F80EB2507EEED0073C306 /* VS2TooneFilter.swift in Sources */ = {isa = PBXBuildFile; fileRef = 746F80E92507EEED0073C306 /* VS2TooneFilter.swift */; };
		746F80EE25084F440073C306 /* VS2MonoFilter.swift in Sources */ = {isa = PBXBuildFile; fileRef = 746F80ED25084F440073C306 /* VS2MonoFilter.swift */; };
		746F80EF25084F440073C306 /* VS2MonoFilter.swift in Sources */ = {isa = PBXBuildFile; fileRef = 746F80ED25084F440073C306 /* VS2MonoFilter.swift */; };
		746F80F125088E290073C306 /* VS2HalfTone.swift in Sources */ = {isa = PBXBuildFile; fileRef = 746F80F025088E290073C306 /* VS2HalfTone.swift */; };
		746F80F225088E290073C306 /* VS2HalfTone.swift in Sources */ = {isa = PBXBuildFile; fileRef = 746F80F025088E290073C306 /* VS2HalfTone.swift */; };
		746F80F425096DBF0073C306 /* VS2ChromaKey.swift in Sources */ = {isa = PBXBuildFile; fileRef = 746F80F325096DBF0073C306 /* VS2ChromaKey.swift */; };
		746F80F525096DBF0073C306 /* VS2ChromaKey.swift in Sources */ = {isa = PBXBuildFile; fileRef = 746F80F325096DBF0073C306 /* VS2ChromaKey.swift */; };
		746F80F7250A84370073C306 /* VS2Boolean.swift in Sources */ = {isa = PBXBuildFile; fileRef = 746F80F6250A84370073C306 /* VS2Boolean.swift */; };
		746F80F8250A84370073C306 /* VS2Boolean.swift in Sources */ = {isa = PBXBuildFile; fileRef = 746F80F6250A84370073C306 /* VS2Boolean.swift */; };
		74851D542513D6DF0052E77A /* HandGestureAnalyzer.swift in Sources */ = {isa = PBXBuildFile; fileRef = 74851D532513D6DF0052E77A /* HandGestureAnalyzer.swift */; };
		74851D552513D6DF0052E77A /* HandGestureAnalyzer.swift in Sources */ = {isa = PBXBuildFile; fileRef = 74851D532513D6DF0052E77A /* HandGestureAnalyzer.swift */; };
		74B4C1F82502659F0084BF2C /* AppDelegate.swift in Sources */ = {isa = PBXBuildFile; fileRef = 74B4C1F72502659F0084BF2C /* AppDelegate.swift */; };
		74B4C1FA2502659F0084BF2C /* SceneDelegate.swift in Sources */ = {isa = PBXBuildFile; fileRef = 74B4C1F92502659F0084BF2C /* SceneDelegate.swift */; };
		74B4C1FC2502659F0084BF2C /* ContentView.swift in Sources */ = {isa = PBXBuildFile; fileRef = 74B4C1FB2502659F0084BF2C /* ContentView.swift */; };
		74B4C1FE250265A30084BF2C /* Assets.xcassets in Resources */ = {isa = PBXBuildFile; fileRef = 74B4C1FD250265A30084BF2C /* Assets.xcassets */; };
		74B4C201250265A30084BF2C /* Preview Assets.xcassets in Resources */ = {isa = PBXBuildFile; fileRef = 74B4C200250265A30084BF2C /* Preview Assets.xcassets */; };
		74B4C204250265A30084BF2C /* LaunchScreen.storyboard in Resources */ = {isa = PBXBuildFile; fileRef = 74B4C202250265A30084BF2C /* LaunchScreen.storyboard */; };
		74B4C20C250265C90084BF2C /* VS2CameraSession.swift in Sources */ = {isa = PBXBuildFile; fileRef = 74B4C20B250265C90084BF2C /* VS2CameraSession.swift */; };
		74B4C2162502D75E0084BF2C /* AppDelegate.swift in Sources */ = {isa = PBXBuildFile; fileRef = 74B4C2152502D75E0084BF2C /* AppDelegate.swift */; };
		74B4C2182502D75E0084BF2C /* ContentView.swift in Sources */ = {isa = PBXBuildFile; fileRef = 74B4C2172502D75E0084BF2C /* ContentView.swift */; };
		74B4C21A2502D7610084BF2C /* Assets.xcassets in Resources */ = {isa = PBXBuildFile; fileRef = 74B4C2192502D7610084BF2C /* Assets.xcassets */; };
		74B4C21D2502D7610084BF2C /* Preview Assets.xcassets in Resources */ = {isa = PBXBuildFile; fileRef = 74B4C21C2502D7610084BF2C /* Preview Assets.xcassets */; };
		74B4C2202502D7610084BF2C /* Main.storyboard in Resources */ = {isa = PBXBuildFile; fileRef = 74B4C21E2502D7610084BF2C /* Main.storyboard */; };
		74B4C2282502D87D0084BF2C /* VS2CameraSession.swift in Sources */ = {isa = PBXBuildFile; fileRef = 74B4C20B250265C90084BF2C /* VS2CameraSession.swift */; };
		74B4C22A2503BB910084BF2C /* VS2Pipeline.swift in Sources */ = {isa = PBXBuildFile; fileRef = 74B4C2292503BB900084BF2C /* VS2Pipeline.swift */; };
		74B4C22B2503BB910084BF2C /* VS2Pipeline.swift in Sources */ = {isa = PBXBuildFile; fileRef = 74B4C2292503BB900084BF2C /* VS2Pipeline.swift */; };
		74B4C22D2503F2BB0084BF2C /* VS2Filter.swift in Sources */ = {isa = PBXBuildFile; fileRef = 74B4C22C2503F2BB0084BF2C /* VS2Filter.swift */; };
		74B4C22F2503F36A0084BF2C /* VS2Shader.swift in Sources */ = {isa = PBXBuildFile; fileRef = 74B4C22E2503F36A0084BF2C /* VS2Shader.swift */; };
		74B4C2302503F36A0084BF2C /* VS2Shader.swift in Sources */ = {isa = PBXBuildFile; fileRef = 74B4C22E2503F36A0084BF2C /* VS2Shader.swift */; };
		74B4C2312503F5750084BF2C /* VS2Filter.swift in Sources */ = {isa = PBXBuildFile; fileRef = 74B4C22C2503F2BB0084BF2C /* VS2Filter.swift */; };
		74EEAF4B250C474200761C03 /* CALayerView.swift in Sources */ = {isa = PBXBuildFile; fileRef = 74EEAF4A250C474200761C03 /* CALayerView.swift */; };
		74EEAF4D250DCA5900761C03 /* VS2Texture.swift in Sources */ = {isa = PBXBuildFile; fileRef = 74EEAF4C250DCA5900761C03 /* VS2Texture.swift */; };
		74EEAF4E250DCA5900761C03 /* VS2Texture.swift in Sources */ = {isa = PBXBuildFile; fileRef = 74EEAF4C250DCA5900761C03 /* VS2Texture.swift */; };
/* End PBXBuildFile section */

/* Begin PBXFileReference section */
		746F80D82506DFD80073C306 /* VS2Controller.swift */ = {isa = PBXFileReference; lastKnownFileType = sourcecode.swift; path = VS2Controller.swift; sourceTree = "<group>"; };
		746F80DB2506DFE70073C306 /* VS2Blender.swift */ = {isa = PBXFileReference; lastKnownFileType = sourcecode.swift; path = VS2Blender.swift; sourceTree = "<group>"; };
		746F80E02507AACE0073C306 /* VS2View.swift */ = {isa = PBXFileReference; lastKnownFileType = sourcecode.swift; path = VS2View.swift; sourceTree = "<group>"; };
		746F80E32507D16F0073C306 /* VS2View.swift */ = {isa = PBXFileReference; lastKnownFileType = sourcecode.swift; path = VS2View.swift; sourceTree = "<group>"; };
		746F80E62507EE430073C306 /* toone.metal */ = {isa = PBXFileReference; lastKnownFileType = sourcecode.metal; path = toone.metal; sourceTree = "<group>"; };
		746F80E92507EEED0073C306 /* VS2TooneFilter.swift */ = {isa = PBXFileReference; lastKnownFileType = sourcecode.swift; path = VS2TooneFilter.swift; sourceTree = "<group>"; };
		746F80EC25084CC80073C306 /* README.md */ = {isa = PBXFileReference; lastKnownFileType = net.daringfireball.markdown; path = README.md; sourceTree = "<group>"; };
		746F80ED25084F440073C306 /* VS2MonoFilter.swift */ = {isa = PBXFileReference; lastKnownFileType = sourcecode.swift; path = VS2MonoFilter.swift; sourceTree = "<group>"; };
		746F80F025088E290073C306 /* VS2HalfTone.swift */ = {isa = PBXFileReference; lastKnownFileType = sourcecode.swift; path = VS2HalfTone.swift; sourceTree = "<group>"; };
		746F80F325096DBF0073C306 /* VS2ChromaKey.swift */ = {isa = PBXFileReference; lastKnownFileType = sourcecode.swift; path = VS2ChromaKey.swift; sourceTree = "<group>"; };
		746F80F6250A84370073C306 /* VS2Boolean.swift */ = {isa = PBXFileReference; lastKnownFileType = sourcecode.swift; path = VS2Boolean.swift; sourceTree = "<group>"; };
		74851D532513D6DF0052E77A /* HandGestureAnalyzer.swift */ = {isa = PBXFileReference; lastKnownFileType = sourcecode.swift; path = HandGestureAnalyzer.swift; sourceTree = "<group>"; };
		74B4C1F42502659F0084BF2C /* vs2.app */ = {isa = PBXFileReference; explicitFileType = wrapper.application; includeInIndex = 0; path = vs2.app; sourceTree = BUILT_PRODUCTS_DIR; };
		74B4C1F72502659F0084BF2C /* AppDelegate.swift */ = {isa = PBXFileReference; lastKnownFileType = sourcecode.swift; path = AppDelegate.swift; sourceTree = "<group>"; };
		74B4C1F92502659F0084BF2C /* SceneDelegate.swift */ = {isa = PBXFileReference; lastKnownFileType = sourcecode.swift; path = SceneDelegate.swift; sourceTree = "<group>"; };
		74B4C1FB2502659F0084BF2C /* ContentView.swift */ = {isa = PBXFileReference; lastKnownFileType = sourcecode.swift; path = ContentView.swift; sourceTree = "<group>"; };
		74B4C1FD250265A30084BF2C /* Assets.xcassets */ = {isa = PBXFileReference; lastKnownFileType = folder.assetcatalog; path = Assets.xcassets; sourceTree = "<group>"; };
		74B4C200250265A30084BF2C /* Preview Assets.xcassets */ = {isa = PBXFileReference; lastKnownFileType = folder.assetcatalog; path = "Preview Assets.xcassets"; sourceTree = "<group>"; };
		74B4C203250265A30084BF2C /* Base */ = {isa = PBXFileReference; lastKnownFileType = file.storyboard; name = Base; path = Base.lproj/LaunchScreen.storyboard; sourceTree = "<group>"; };
		74B4C205250265A30084BF2C /* Info.plist */ = {isa = PBXFileReference; lastKnownFileType = text.plist.xml; path = Info.plist; sourceTree = "<group>"; };
		74B4C20B250265C90084BF2C /* VS2CameraSession.swift */ = {isa = PBXFileReference; lastKnownFileType = sourcecode.swift; path = VS2CameraSession.swift; sourceTree = "<group>"; };
		74B4C2132502D75E0084BF2C /* vs2Mac.app */ = {isa = PBXFileReference; explicitFileType = wrapper.application; includeInIndex = 0; path = vs2Mac.app; sourceTree = BUILT_PRODUCTS_DIR; };
		74B4C2152502D75E0084BF2C /* AppDelegate.swift */ = {isa = PBXFileReference; lastKnownFileType = sourcecode.swift; path = AppDelegate.swift; sourceTree = "<group>"; };
		74B4C2172502D75E0084BF2C /* ContentView.swift */ = {isa = PBXFileReference; lastKnownFileType = sourcecode.swift; path = ContentView.swift; sourceTree = "<group>"; };
		74B4C2192502D7610084BF2C /* Assets.xcassets */ = {isa = PBXFileReference; lastKnownFileType = folder.assetcatalog; path = Assets.xcassets; sourceTree = "<group>"; };
		74B4C21C2502D7610084BF2C /* Preview Assets.xcassets */ = {isa = PBXFileReference; lastKnownFileType = folder.assetcatalog; path = "Preview Assets.xcassets"; sourceTree = "<group>"; };
		74B4C21F2502D7610084BF2C /* Base */ = {isa = PBXFileReference; lastKnownFileType = file.storyboard; name = Base; path = Base.lproj/Main.storyboard; sourceTree = "<group>"; };
		74B4C2212502D7610084BF2C /* Info.plist */ = {isa = PBXFileReference; lastKnownFileType = text.plist.xml; path = Info.plist; sourceTree = "<group>"; };
		74B4C2222502D7610084BF2C /* vs2Mac.entitlements */ = {isa = PBXFileReference; lastKnownFileType = text.plist.entitlements; path = vs2Mac.entitlements; sourceTree = "<group>"; };
		74B4C2292503BB900084BF2C /* VS2Pipeline.swift */ = {isa = PBXFileReference; lastKnownFileType = sourcecode.swift; path = VS2Pipeline.swift; sourceTree = "<group>"; };
		74B4C22C2503F2BB0084BF2C /* VS2Filter.swift */ = {isa = PBXFileReference; lastKnownFileType = sourcecode.swift; path = VS2Filter.swift; sourceTree = "<group>"; };
		74B4C22E2503F36A0084BF2C /* VS2Shader.swift */ = {isa = PBXFileReference; lastKnownFileType = sourcecode.swift; path = VS2Shader.swift; sourceTree = "<group>"; };
		74EEAF4A250C474200761C03 /* CALayerView.swift */ = {isa = PBXFileReference; lastKnownFileType = sourcecode.swift; path = CALayerView.swift; sourceTree = "<group>"; };
		74EEAF4C250DCA5900761C03 /* VS2Texture.swift */ = {isa = PBXFileReference; lastKnownFileType = sourcecode.swift; path = VS2Texture.swift; sourceTree = "<group>"; };
/* End PBXFileReference section */

/* Begin PBXFrameworksBuildPhase section */
		74B4C1F12502659F0084BF2C /* Frameworks */ = {
			isa = PBXFrameworksBuildPhase;
			buildActionMask = 2147483647;
			files = (
			);
			runOnlyForDeploymentPostprocessing = 0;
		};
		74B4C2102502D75E0084BF2C /* Frameworks */ = {
			isa = PBXFrameworksBuildPhase;
			buildActionMask = 2147483647;
			files = (
			);
			runOnlyForDeploymentPostprocessing = 0;
		};
/* End PBXFrameworksBuildPhase section */

/* Begin PBXGroup section */
		746F80E22507CFC30073C306 /* core */ = {
			isa = PBXGroup;
			children = (
				74B4C20B250265C90084BF2C /* VS2CameraSession.swift */,
				74B4C22C2503F2BB0084BF2C /* VS2Filter.swift */,
				746F80D82506DFD80073C306 /* VS2Controller.swift */,
				746F80DB2506DFE70073C306 /* VS2Blender.swift */,
				74EEAF4C250DCA5900761C03 /* VS2Texture.swift */,
				74B4C2292503BB900084BF2C /* VS2Pipeline.swift */,
				74B4C22E2503F36A0084BF2C /* VS2Shader.swift */,
				74851D532513D6DF0052E77A /* HandGestureAnalyzer.swift */,
				746F80E52507EE1C0073C306 /* shaders */,
			);
			path = core;
			sourceTree = "<group>";
		};
		746F80E52507EE1C0073C306 /* shaders */ = {
			isa = PBXGroup;
			children = (
				746F80E62507EE430073C306 /* toone.metal */,
				746F80E92507EEED0073C306 /* VS2TooneFilter.swift */,
				746F80ED25084F440073C306 /* VS2MonoFilter.swift */,
				746F80F025088E290073C306 /* VS2HalfTone.swift */,
				746F80F325096DBF0073C306 /* VS2ChromaKey.swift */,
				746F80F6250A84370073C306 /* VS2Boolean.swift */,
			);
			name = shaders;
			sourceTree = "<group>";
		};
		74B4C1EB2502659F0084BF2C = {
			isa = PBXGroup;
			children = (
				746F80EC25084CC80073C306 /* README.md */,
				746F80E22507CFC30073C306 /* core */,
				74B4C1F62502659F0084BF2C /* iOS */,
				74B4C2142502D75E0084BF2C /* macOS */,
				74B4C1F52502659F0084BF2C /* Products */,
			);
			sourceTree = "<group>";
		};
		74B4C1F52502659F0084BF2C /* Products */ = {
			isa = PBXGroup;
			children = (
				74B4C1F42502659F0084BF2C /* vs2.app */,
				74B4C2132502D75E0084BF2C /* vs2Mac.app */,
			);
			name = Products;
			sourceTree = "<group>";
		};
		74B4C1F62502659F0084BF2C /* iOS */ = {
			isa = PBXGroup;
			children = (
				74B4C1F72502659F0084BF2C /* AppDelegate.swift */,
				74B4C1F92502659F0084BF2C /* SceneDelegate.swift */,
				74B4C1FB2502659F0084BF2C /* ContentView.swift */,
				74B4C1FD250265A30084BF2C /* Assets.xcassets */,
				74B4C202250265A30084BF2C /* LaunchScreen.storyboard */,
				74B4C205250265A30084BF2C /* Info.plist */,
				74B4C1FF250265A30084BF2C /* Preview Content */,
				746F80E32507D16F0073C306 /* VS2View.swift */,
			);
			path = iOS;
			sourceTree = "<group>";
		};
		74B4C1FF250265A30084BF2C /* Preview Content */ = {
			isa = PBXGroup;
			children = (
				74B4C200250265A30084BF2C /* Preview Assets.xcassets */,
			);
			path = "Preview Content";
			sourceTree = "<group>";
		};
		74B4C2142502D75E0084BF2C /* macOS */ = {
			isa = PBXGroup;
			children = (
				74B4C2152502D75E0084BF2C /* AppDelegate.swift */,
				74B4C2172502D75E0084BF2C /* ContentView.swift */,
				74EEAF4A250C474200761C03 /* CALayerView.swift */,
				746F80E02507AACE0073C306 /* VS2View.swift */,
				74B4C2192502D7610084BF2C /* Assets.xcassets */,
				74B4C21E2502D7610084BF2C /* Main.storyboard */,
				74B4C2212502D7610084BF2C /* Info.plist */,
				74B4C2222502D7610084BF2C /* vs2Mac.entitlements */,
				74B4C21B2502D7610084BF2C /* Preview Content */,
			);
			path = macOS;
			sourceTree = "<group>";
		};
		74B4C21B2502D7610084BF2C /* Preview Content */ = {
			isa = PBXGroup;
			children = (
				74B4C21C2502D7610084BF2C /* Preview Assets.xcassets */,
			);
			path = "Preview Content";
			sourceTree = "<group>";
		};
/* End PBXGroup section */

/* Begin PBXNativeTarget section */
		74B4C1F32502659F0084BF2C /* vs2 */ = {
			isa = PBXNativeTarget;
			buildConfigurationList = 74B4C208250265A30084BF2C /* Build configuration list for PBXNativeTarget "vs2" */;
			buildPhases = (
				74B4C1F02502659F0084BF2C /* Sources */,
				74B4C1F12502659F0084BF2C /* Frameworks */,
				74B4C1F22502659F0084BF2C /* Resources */,
			);
			buildRules = (
			);
			dependencies = (
			);
			name = vs2;
			productName = vs2;
			productReference = 74B4C1F42502659F0084BF2C /* vs2.app */;
			productType = "com.apple.product-type.application";
		};
		74B4C2122502D75E0084BF2C /* vs2Mac */ = {
			isa = PBXNativeTarget;
			buildConfigurationList = 74B4C2232502D7610084BF2C /* Build configuration list for PBXNativeTarget "vs2Mac" */;
			buildPhases = (
				74B4C20F2502D75E0084BF2C /* Sources */,
				74B4C2102502D75E0084BF2C /* Frameworks */,
				74B4C2112502D75E0084BF2C /* Resources */,
			);
			buildRules = (
			);
			dependencies = (
			);
			name = vs2Mac;
			productName = vs2Mac;
			productReference = 74B4C2132502D75E0084BF2C /* vs2Mac.app */;
			productType = "com.apple.product-type.application";
		};
/* End PBXNativeTarget section */

/* Begin PBXProject section */
		74B4C1EC2502659F0084BF2C /* Project object */ = {
			isa = PBXProject;
			attributes = {
				LastSwiftUpdateCheck = 1130;
				LastUpgradeCheck = 1200;
				ORGANIZATIONNAME = "SATOSHI NAKAJIMA";
				TargetAttributes = {
					74B4C1F32502659F0084BF2C = {
						CreatedOnToolsVersion = 11.3.1;
					};
					74B4C2122502D75E0084BF2C = {
						CreatedOnToolsVersion = 11.3.1;
					};
				};
			};
			buildConfigurationList = 74B4C1EF2502659F0084BF2C /* Build configuration list for PBXProject "vs2" */;
			compatibilityVersion = "Xcode 9.3";
			developmentRegion = en;
			hasScannedForEncodings = 0;
			knownRegions = (
				en,
				Base,
			);
			mainGroup = 74B4C1EB2502659F0084BF2C;
			productRefGroup = 74B4C1F52502659F0084BF2C /* Products */;
			projectDirPath = "";
			projectRoot = "";
			targets = (
				74B4C1F32502659F0084BF2C /* vs2 */,
				74B4C2122502D75E0084BF2C /* vs2Mac */,
			);
		};
/* End PBXProject section */

/* Begin PBXResourcesBuildPhase section */
		74B4C1F22502659F0084BF2C /* Resources */ = {
			isa = PBXResourcesBuildPhase;
			buildActionMask = 2147483647;
			files = (
				74B4C204250265A30084BF2C /* LaunchScreen.storyboard in Resources */,
				74B4C201250265A30084BF2C /* Preview Assets.xcassets in Resources */,
				74B4C1FE250265A30084BF2C /* Assets.xcassets in Resources */,
			);
			runOnlyForDeploymentPostprocessing = 0;
		};
		74B4C2112502D75E0084BF2C /* Resources */ = {
			isa = PBXResourcesBuildPhase;
			buildActionMask = 2147483647;
			files = (
				74B4C2202502D7610084BF2C /* Main.storyboard in Resources */,
				74B4C21D2502D7610084BF2C /* Preview Assets.xcassets in Resources */,
				74B4C21A2502D7610084BF2C /* Assets.xcassets in Resources */,
			);
			runOnlyForDeploymentPostprocessing = 0;
		};
/* End PBXResourcesBuildPhase section */

/* Begin PBXSourcesBuildPhase section */
		74B4C1F02502659F0084BF2C /* Sources */ = {
			isa = PBXSourcesBuildPhase;
			buildActionMask = 2147483647;
			files = (
				746F80DC2506DFE70073C306 /* VS2Blender.swift in Sources */,
				746F80D92506DFD80073C306 /* VS2Controller.swift in Sources */,
				746F80F425096DBF0073C306 /* VS2ChromaKey.swift in Sources */,
				74B4C1F82502659F0084BF2C /* AppDelegate.swift in Sources */,
				74EEAF4D250DCA5900761C03 /* VS2Texture.swift in Sources */,
				746F80EE25084F440073C306 /* VS2MonoFilter.swift in Sources */,
				74B4C22D2503F2BB0084BF2C /* VS2Filter.swift in Sources */,
				746F80F7250A84370073C306 /* VS2Boolean.swift in Sources */,
				74851D542513D6DF0052E77A /* HandGestureAnalyzer.swift in Sources */,
				74B4C22F2503F36A0084BF2C /* VS2Shader.swift in Sources */,
				746F80EA2507EEED0073C306 /* VS2TooneFilter.swift in Sources */,
				74B4C22A2503BB910084BF2C /* VS2Pipeline.swift in Sources */,
				746F80E42507D16F0073C306 /* VS2View.swift in Sources */,
				746F80F125088E290073C306 /* VS2HalfTone.swift in Sources */,
				74B4C20C250265C90084BF2C /* VS2CameraSession.swift in Sources */,
				746F80E72507EE430073C306 /* toone.metal in Sources */,
				74B4C1FA2502659F0084BF2C /* SceneDelegate.swift in Sources */,
				74B4C1FC2502659F0084BF2C /* ContentView.swift in Sources */,
			);
			runOnlyForDeploymentPostprocessing = 0;
		};
		74B4C20F2502D75E0084BF2C /* Sources */ = {
			isa = PBXSourcesBuildPhase;
			buildActionMask = 2147483647;
			files = (
				746F80EF25084F440073C306 /* VS2MonoFilter.swift in Sources */,
				746F80DD2506DFE70073C306 /* VS2Blender.swift in Sources */,
				74B4C2182502D75E0084BF2C /* ContentView.swift in Sources */,
				74B4C2282502D87D0084BF2C /* VS2CameraSession.swift in Sources */,
				74EEAF4E250DCA5900761C03 /* VS2Texture.swift in Sources */,
				746F80E82507EE430073C306 /* toone.metal in Sources */,
				746F80F225088E290073C306 /* VS2HalfTone.swift in Sources */,
				74B4C2312503F5750084BF2C /* VS2Filter.swift in Sources */,
				74851D552513D6DF0052E77A /* HandGestureAnalyzer.swift in Sources */,
				746F80E12507AACF0073C306 /* VS2View.swift in Sources */,
				746F80EB2507EEED0073C306 /* VS2TooneFilter.swift in Sources */,
				74B4C2162502D75E0084BF2C /* AppDelegate.swift in Sources */,
				74EEAF4B250C474200761C03 /* CALayerView.swift in Sources */,
				74B4C2302503F36A0084BF2C /* VS2Shader.swift in Sources */,
				746F80F525096DBF0073C306 /* VS2ChromaKey.swift in Sources */,
				746F80DA2506DFD80073C306 /* VS2Controller.swift in Sources */,
				746F80F8250A84370073C306 /* VS2Boolean.swift in Sources */,
				74B4C22B2503BB910084BF2C /* VS2Pipeline.swift in Sources */,
			);
			runOnlyForDeploymentPostprocessing = 0;
		};
/* End PBXSourcesBuildPhase section */

/* Begin PBXVariantGroup section */
		74B4C202250265A30084BF2C /* LaunchScreen.storyboard */ = {
			isa = PBXVariantGroup;
			children = (
				74B4C203250265A30084BF2C /* Base */,
			);
			name = LaunchScreen.storyboard;
			sourceTree = "<group>";
		};
		74B4C21E2502D7610084BF2C /* Main.storyboard */ = {
			isa = PBXVariantGroup;
			children = (
				74B4C21F2502D7610084BF2C /* Base */,
			);
			name = Main.storyboard;
			sourceTree = "<group>";
		};
/* End PBXVariantGroup section */

/* Begin XCBuildConfiguration section */
		74B4C206250265A30084BF2C /* Debug */ = {
			isa = XCBuildConfiguration;
			buildSettings = {
				ALWAYS_SEARCH_USER_PATHS = NO;
				CLANG_ANALYZER_NONNULL = YES;
				CLANG_ANALYZER_NUMBER_OBJECT_CONVERSION = YES_AGGRESSIVE;
				CLANG_CXX_LANGUAGE_STANDARD = "gnu++14";
				CLANG_CXX_LIBRARY = "libc++";
				CLANG_ENABLE_MODULES = YES;
				CLANG_ENABLE_OBJC_ARC = YES;
				CLANG_ENABLE_OBJC_WEAK = YES;
				CLANG_WARN_BLOCK_CAPTURE_AUTORELEASING = YES;
				CLANG_WARN_BOOL_CONVERSION = YES;
				CLANG_WARN_COMMA = YES;
				CLANG_WARN_CONSTANT_CONVERSION = YES;
				CLANG_WARN_DEPRECATED_OBJC_IMPLEMENTATIONS = YES;
				CLANG_WARN_DIRECT_OBJC_ISA_USAGE = YES_ERROR;
				CLANG_WARN_DOCUMENTATION_COMMENTS = YES;
				CLANG_WARN_EMPTY_BODY = YES;
				CLANG_WARN_ENUM_CONVERSION = YES;
				CLANG_WARN_INFINITE_RECURSION = YES;
				CLANG_WARN_INT_CONVERSION = YES;
				CLANG_WARN_NON_LITERAL_NULL_CONVERSION = YES;
				CLANG_WARN_OBJC_IMPLICIT_RETAIN_SELF = YES;
				CLANG_WARN_OBJC_LITERAL_CONVERSION = YES;
				CLANG_WARN_OBJC_ROOT_CLASS = YES_ERROR;
				CLANG_WARN_QUOTED_INCLUDE_IN_FRAMEWORK_HEADER = YES;
				CLANG_WARN_RANGE_LOOP_ANALYSIS = YES;
				CLANG_WARN_STRICT_PROTOTYPES = YES;
				CLANG_WARN_SUSPICIOUS_MOVE = YES;
				CLANG_WARN_UNGUARDED_AVAILABILITY = YES_AGGRESSIVE;
				CLANG_WARN_UNREACHABLE_CODE = YES;
				CLANG_WARN__DUPLICATE_METHOD_MATCH = YES;
				COPY_PHASE_STRIP = NO;
				DEBUG_INFORMATION_FORMAT = dwarf;
				ENABLE_STRICT_OBJC_MSGSEND = YES;
				ENABLE_TESTABILITY = YES;
				GCC_C_LANGUAGE_STANDARD = gnu11;
				GCC_DYNAMIC_NO_PIC = NO;
				GCC_NO_COMMON_BLOCKS = YES;
				GCC_OPTIMIZATION_LEVEL = 0;
				GCC_PREPROCESSOR_DEFINITIONS = (
					"DEBUG=1",
					"$(inherited)",
				);
				GCC_WARN_64_TO_32_BIT_CONVERSION = YES;
				GCC_WARN_ABOUT_RETURN_TYPE = YES_ERROR;
				GCC_WARN_UNDECLARED_SELECTOR = YES;
				GCC_WARN_UNINITIALIZED_AUTOS = YES_AGGRESSIVE;
				GCC_WARN_UNUSED_FUNCTION = YES;
				GCC_WARN_UNUSED_VARIABLE = YES;
				IPHONEOS_DEPLOYMENT_TARGET = 13.2;
				MTL_ENABLE_DEBUG_INFO = INCLUDE_SOURCE;
				MTL_FAST_MATH = YES;
				ONLY_ACTIVE_ARCH = YES;
				SDKROOT = iphoneos;
				SWIFT_ACTIVE_COMPILATION_CONDITIONS = DEBUG;
				SWIFT_OPTIMIZATION_LEVEL = "-Onone";
			};
			name = Debug;
		};
		74B4C207250265A30084BF2C /* Release */ = {
			isa = XCBuildConfiguration;
			buildSettings = {
				ALWAYS_SEARCH_USER_PATHS = NO;
				CLANG_ANALYZER_NONNULL = YES;
				CLANG_ANALYZER_NUMBER_OBJECT_CONVERSION = YES_AGGRESSIVE;
				CLANG_CXX_LANGUAGE_STANDARD = "gnu++14";
				CLANG_CXX_LIBRARY = "libc++";
				CLANG_ENABLE_MODULES = YES;
				CLANG_ENABLE_OBJC_ARC = YES;
				CLANG_ENABLE_OBJC_WEAK = YES;
				CLANG_WARN_BLOCK_CAPTURE_AUTORELEASING = YES;
				CLANG_WARN_BOOL_CONVERSION = YES;
				CLANG_WARN_COMMA = YES;
				CLANG_WARN_CONSTANT_CONVERSION = YES;
				CLANG_WARN_DEPRECATED_OBJC_IMPLEMENTATIONS = YES;
				CLANG_WARN_DIRECT_OBJC_ISA_USAGE = YES_ERROR;
				CLANG_WARN_DOCUMENTATION_COMMENTS = YES;
				CLANG_WARN_EMPTY_BODY = YES;
				CLANG_WARN_ENUM_CONVERSION = YES;
				CLANG_WARN_INFINITE_RECURSION = YES;
				CLANG_WARN_INT_CONVERSION = YES;
				CLANG_WARN_NON_LITERAL_NULL_CONVERSION = YES;
				CLANG_WARN_OBJC_IMPLICIT_RETAIN_SELF = YES;
				CLANG_WARN_OBJC_LITERAL_CONVERSION = YES;
				CLANG_WARN_OBJC_ROOT_CLASS = YES_ERROR;
				CLANG_WARN_QUOTED_INCLUDE_IN_FRAMEWORK_HEADER = YES;
				CLANG_WARN_RANGE_LOOP_ANALYSIS = YES;
				CLANG_WARN_STRICT_PROTOTYPES = YES;
				CLANG_WARN_SUSPICIOUS_MOVE = YES;
				CLANG_WARN_UNGUARDED_AVAILABILITY = YES_AGGRESSIVE;
				CLANG_WARN_UNREACHABLE_CODE = YES;
				CLANG_WARN__DUPLICATE_METHOD_MATCH = YES;
				COPY_PHASE_STRIP = NO;
				DEBUG_INFORMATION_FORMAT = "dwarf-with-dsym";
				ENABLE_NS_ASSERTIONS = NO;
				ENABLE_STRICT_OBJC_MSGSEND = YES;
				GCC_C_LANGUAGE_STANDARD = gnu11;
				GCC_NO_COMMON_BLOCKS = YES;
				GCC_WARN_64_TO_32_BIT_CONVERSION = YES;
				GCC_WARN_ABOUT_RETURN_TYPE = YES_ERROR;
				GCC_WARN_UNDECLARED_SELECTOR = YES;
				GCC_WARN_UNINITIALIZED_AUTOS = YES_AGGRESSIVE;
				GCC_WARN_UNUSED_FUNCTION = YES;
				GCC_WARN_UNUSED_VARIABLE = YES;
				IPHONEOS_DEPLOYMENT_TARGET = 13.2;
				MTL_ENABLE_DEBUG_INFO = NO;
				MTL_FAST_MATH = YES;
				SDKROOT = iphoneos;
				SWIFT_COMPILATION_MODE = wholemodule;
				SWIFT_OPTIMIZATION_LEVEL = "-O";
				VALIDATE_PRODUCT = YES;
			};
			name = Release;
		};
		74B4C209250265A30084BF2C /* Debug */ = {
			isa = XCBuildConfiguration;
			buildSettings = {
				ASSETCATALOG_COMPILER_APPICON_NAME = AppIcon;
				CODE_SIGN_STYLE = Automatic;
				DEVELOPMENT_ASSET_PATHS = "\"iOS/Preview Content\"";
				DEVELOPMENT_TEAM = H34BY2CCCD;
				ENABLE_PREVIEWS = YES;
				INFOPLIST_FILE = iOS/Info.plist;
				IPHONEOS_DEPLOYMENT_TARGET = 14.0;
				LD_RUNPATH_SEARCH_PATHS = (
					"$(inherited)",
					"@executable_path/Frameworks",
				);
				MTLLINKER_FLAGS = "-fcikernel";
				MTL_COMPILER_FLAGS = "-fcikernel";
				PRODUCT_BUNDLE_IDENTIFIER = org.singularitysociety.vs2;
				PRODUCT_NAME = "$(TARGET_NAME)";
				SWIFT_VERSION = 5.0;
				TARGETED_DEVICE_FAMILY = "1,2";
			};
			name = Debug;
		};
		74B4C20A250265A30084BF2C /* Release */ = {
			isa = XCBuildConfiguration;
			buildSettings = {
				ASSETCATALOG_COMPILER_APPICON_NAME = AppIcon;
				CODE_SIGN_STYLE = Automatic;
				DEVELOPMENT_ASSET_PATHS = "\"iOS/Preview Content\"";
				DEVELOPMENT_TEAM = H34BY2CCCD;
				ENABLE_PREVIEWS = YES;
				INFOPLIST_FILE = iOS/Info.plist;
				IPHONEOS_DEPLOYMENT_TARGET = 14.0;
				LD_RUNPATH_SEARCH_PATHS = (
					"$(inherited)",
					"@executable_path/Frameworks",
				);
				MTLLINKER_FLAGS = "-fcikernel";
				MTL_COMPILER_FLAGS = "-fcikernel";
				PRODUCT_BUNDLE_IDENTIFIER = org.singularitysociety.vs2;
				PRODUCT_NAME = "$(TARGET_NAME)";
				SWIFT_VERSION = 5.0;
				TARGETED_DEVICE_FAMILY = "1,2";
			};
			name = Release;
		};
		74B4C2242502D7610084BF2C /* Debug */ = {
			isa = XCBuildConfiguration;
			buildSettings = {
				ASSETCATALOG_COMPILER_APPICON_NAME = AppIcon;
				CODE_SIGN_ENTITLEMENTS = macOS/vs2Mac.entitlements;
				CODE_SIGN_IDENTITY = "-";
				CODE_SIGN_STYLE = Automatic;
				COMBINE_HIDPI_IMAGES = YES;
				DEVELOPMENT_ASSET_PATHS = "\"macOS/Preview Content\"";
				DEVELOPMENT_TEAM = H34BY2CCCD;
				ENABLE_HARDENED_RUNTIME = YES;
				ENABLE_PREVIEWS = YES;
				INFOPLIST_FILE = macOS/Info.plist;
				LD_RUNPATH_SEARCH_PATHS = (
					"$(inherited)",
					"@executable_path/../Frameworks",
				);
				MACOSX_DEPLOYMENT_TARGET = 10.15;
				MTLLINKER_FLAGS = "-fcikernel";
				MTL_COMPILER_FLAGS = "-fcikernel";
				PRODUCT_BUNDLE_IDENTIFIER = org.singularitysociety.vs2Mac;
				PRODUCT_NAME = "$(TARGET_NAME)";
				SDKROOT = macosx;
				SWIFT_VERSION = 5.0;
			};
			name = Debug;
		};
		74B4C2252502D7610084BF2C /* Release */ = {
			isa = XCBuildConfiguration;
			buildSettings = {
				ASSETCATALOG_COMPILER_APPICON_NAME = AppIcon;
				CODE_SIGN_ENTITLEMENTS = macOS/vs2Mac.entitlements;
				CODE_SIGN_IDENTITY = "-";
				CODE_SIGN_STYLE = Automatic;
				COMBINE_HIDPI_IMAGES = YES;
				DEVELOPMENT_ASSET_PATHS = "\"macOS/Preview Content\"";
				DEVELOPMENT_TEAM = H34BY2CCCD;
				ENABLE_HARDENED_RUNTIME = YES;
				ENABLE_PREVIEWS = YES;
				INFOPLIST_FILE = macOS/Info.plist;
				LD_RUNPATH_SEARCH_PATHS = (
					"$(inherited)",
					"@executable_path/../Frameworks",
				);
				MACOSX_DEPLOYMENT_TARGET = 10.15;
				MTLLINKER_FLAGS = "-fcikernel";
				MTL_COMPILER_FLAGS = "-fcikernel";
				PRODUCT_BUNDLE_IDENTIFIER = org.singularitysociety.vs2Mac;
				PRODUCT_NAME = "$(TARGET_NAME)";
				SDKROOT = macosx;
				SWIFT_VERSION = 5.0;
			};
			name = Release;
		};
/* End XCBuildConfiguration section */

/* Begin XCConfigurationList section */
		74B4C1EF2502659F0084BF2C /* Build configuration list for PBXProject "vs2" */ = {
			isa = XCConfigurationList;
			buildConfigurations = (
				74B4C206250265A30084BF2C /* Debug */,
				74B4C207250265A30084BF2C /* Release */,
			);
			defaultConfigurationIsVisible = 0;
			defaultConfigurationName = Release;
		};
		74B4C208250265A30084BF2C /* Build configuration list for PBXNativeTarget "vs2" */ = {
			isa = XCConfigurationList;
			buildConfigurations = (
				74B4C209250265A30084BF2C /* Debug */,
				74B4C20A250265A30084BF2C /* Release */,
			);
			defaultConfigurationIsVisible = 0;
			defaultConfigurationName = Release;
		};
		74B4C2232502D7610084BF2C /* Build configuration list for PBXNativeTarget "vs2Mac" */ = {
			isa = XCConfigurationList;
			buildConfigurations = (
				74B4C2242502D7610084BF2C /* Debug */,
				74B4C2252502D7610084BF2C /* Release */,
			);
			defaultConfigurationIsVisible = 0;
			defaultConfigurationName = Release;
		};
/* End XCConfigurationList section */
	};
	rootObject = 74B4C1EC2502659F0084BF2C /* Project object */;
}
