// !$*UTF8*$!
{
	archiveVersion = 1;
	classes = {
	};
	objectVersion = 50;
	objects = {

/* Begin PBXBuildFile section */
		74B4C1F82502659F0084BF2C /* AppDelegate.swift in Sources */ = {isa = PBXBuildFile; fileRef = 74B4C1F72502659F0084BF2C /* AppDelegate.swift */; };
		74B4C1FA2502659F0084BF2C /* SceneDelegate.swift in Sources */ = {isa = PBXBuildFile; fileRef = 74B4C1F92502659F0084BF2C /* SceneDelegate.swift */; };
		74B4C1FC2502659F0084BF2C /* ContentView.swift in Sources */ = {isa = PBXBuildFile; fileRef = 74B4C1FB2502659F0084BF2C /* ContentView.swift */; };
		74B4C1FE250265A30084BF2C /* Assets.xcassets in Resources */ = {isa = PBXBuildFile; fileRef = 74B4C1FD250265A30084BF2C /* Assets.xcassets */; };
		74B4C201250265A30084BF2C /* Preview Assets.xcassets in Resources */ = {isa = PBXBuildFile; fileRef = 74B4C200250265A30084BF2C /* Preview Assets.xcassets */; };
		74B4C204250265A30084BF2C /* LaunchScreen.storyboard in Resources */ = {isa = PBXBuildFile; fileRef = 74B4C202250265A30084BF2C /* LaunchScreen.storyboard */; };
		74B4C20C250265C90084BF2C /* VS2CameraSession.swift in Sources */ = {isa = PBXBuildFile; fileRef = 74B4C20B250265C90084BF2C /* VS2CameraSession.swift */; };
		74B4C20E25026A420084BF2C /* VS2CameraViewController.swift in Sources */ = {isa = PBXBuildFile; fileRef = 74B4C20D25026A420084BF2C /* VS2CameraViewController.swift */; };
		74B4C2162502D75E0084BF2C /* AppDelegate.swift in Sources */ = {isa = PBXBuildFile; fileRef = 74B4C2152502D75E0084BF2C /* AppDelegate.swift */; };
		74B4C2182502D75E0084BF2C /* ContentView.swift in Sources */ = {isa = PBXBuildFile; fileRef = 74B4C2172502D75E0084BF2C /* ContentView.swift */; };
		74B4C21A2502D7610084BF2C /* Assets.xcassets in Resources */ = {isa = PBXBuildFile; fileRef = 74B4C2192502D7610084BF2C /* Assets.xcassets */; };
		74B4C21D2502D7610084BF2C /* Preview Assets.xcassets in Resources */ = {isa = PBXBuildFile; fileRef = 74B4C21C2502D7610084BF2C /* Preview Assets.xcassets */; };
		74B4C2202502D7610084BF2C /* Main.storyboard in Resources */ = {isa = PBXBuildFile; fileRef = 74B4C21E2502D7610084BF2C /* Main.storyboard */; };
		74B4C2272502D7DB0084BF2C /* VS2CameraViewController.swift in Sources */ = {isa = PBXBuildFile; fileRef = 74B4C2262502D7DB0084BF2C /* VS2CameraViewController.swift */; };
		74B4C2282502D87D0084BF2C /* VS2CameraSession.swift in Sources */ = {isa = PBXBuildFile; fileRef = 74B4C20B250265C90084BF2C /* VS2CameraSession.swift */; };
/* End PBXBuildFile section */

/* Begin PBXFileReference section */
		74B4C1F42502659F0084BF2C /* vs2.app */ = {isa = PBXFileReference; explicitFileType = wrapper.application; includeInIndex = 0; path = vs2.app; sourceTree = BUILT_PRODUCTS_DIR; };
		74B4C1F72502659F0084BF2C /* AppDelegate.swift */ = {isa = PBXFileReference; lastKnownFileType = sourcecode.swift; path = AppDelegate.swift; sourceTree = "<group>"; };
		74B4C1F92502659F0084BF2C /* SceneDelegate.swift */ = {isa = PBXFileReference; lastKnownFileType = sourcecode.swift; path = SceneDelegate.swift; sourceTree = "<group>"; };
		74B4C1FB2502659F0084BF2C /* ContentView.swift */ = {isa = PBXFileReference; lastKnownFileType = sourcecode.swift; path = ContentView.swift; sourceTree = "<group>"; };
		74B4C1FD250265A30084BF2C /* Assets.xcassets */ = {isa = PBXFileReference; lastKnownFileType = folder.assetcatalog; path = Assets.xcassets; sourceTree = "<group>"; };
		74B4C200250265A30084BF2C /* Preview Assets.xcassets */ = {isa = PBXFileReference; lastKnownFileType = folder.assetcatalog; path = "Preview Assets.xcassets"; sourceTree = "<group>"; };
		74B4C203250265A30084BF2C /* Base */ = {isa = PBXFileReference; lastKnownFileType = file.storyboard; name = Base; path = Base.lproj/LaunchScreen.storyboard; sourceTree = "<group>"; };
		74B4C205250265A30084BF2C /* Info.plist */ = {isa = PBXFileReference; lastKnownFileType = text.plist.xml; path = Info.plist; sourceTree = "<group>"; };
		74B4C20B250265C90084BF2C /* VS2CameraSession.swift */ = {isa = PBXFileReference; lastKnownFileType = sourcecode.swift; path = VS2CameraSession.swift; sourceTree = "<group>"; };
		74B4C20D25026A420084BF2C /* VS2CameraViewController.swift */ = {isa = PBXFileReference; lastKnownFileType = sourcecode.swift; path = VS2CameraViewController.swift; sourceTree = "<group>"; };
		74B4C2132502D75E0084BF2C /* vs2Mac.app */ = {isa = PBXFileReference; explicitFileType = wrapper.application; includeInIndex = 0; path = vs2Mac.app; sourceTree = BUILT_PRODUCTS_DIR; };
		74B4C2152502D75E0084BF2C /* AppDelegate.swift */ = {isa = PBXFileReference; lastKnownFileType = sourcecode.swift; path = AppDelegate.swift; sourceTree = "<group>"; };
		74B4C2172502D75E0084BF2C /* ContentView.swift */ = {isa = PBXFileReference; lastKnownFileType = sourcecode.swift; path = ContentView.swift; sourceTree = "<group>"; };
		74B4C2192502D7610084BF2C /* Assets.xcassets */ = {isa = PBXFileReference; lastKnownFileType = folder.assetcatalog; path = Assets.xcassets; sourceTree = "<group>"; };
		74B4C21C2502D7610084BF2C /* Preview Assets.xcassets */ = {isa = PBXFileReference; lastKnownFileType = folder.assetcatalog; path = "Preview Assets.xcassets"; sourceTree = "<group>"; };
		74B4C21F2502D7610084BF2C /* Base */ = {isa = PBXFileReference; lastKnownFileType = file.storyboard; name = Base; path = Base.lproj/Main.storyboard; sourceTree = "<group>"; };
		74B4C2212502D7610084BF2C /* Info.plist */ = {isa = PBXFileReference; lastKnownFileType = text.plist.xml; path = Info.plist; sourceTree = "<group>"; };
		74B4C2222502D7610084BF2C /* vs2Mac.entitlements */ = {isa = PBXFileReference; lastKnownFileType = text.plist.entitlements; path = vs2Mac.entitlements; sourceTree = "<group>"; };
		74B4C2262502D7DB0084BF2C /* VS2CameraViewController.swift */ = {isa = PBXFileReference; lastKnownFileType = sourcecode.swift; path = VS2CameraViewController.swift; sourceTree = "<group>"; };
/* End PBXFileReference section */

/* Begin PBXFrameworksBuildPhase section */
		74B4C1F12502659F0084BF2C /* Frameworks */ = {
			isa = PBXFrameworksBuildPhase;
			buildActionMask = 2147483647;
			files = (
			);
			runOnlyForDeploymentPostprocessing = 0;
		};
		74B4C2102502D75E0084BF2C /* Frameworks */ = {
			isa = PBXFrameworksBuildPhase;
			buildActionMask = 2147483647;
			files = (
			);
			runOnlyForDeploymentPostprocessing = 0;
		};
/* End PBXFrameworksBuildPhase section */

/* Begin PBXGroup section */
		74B4C1EB2502659F0084BF2C = {
			isa = PBXGroup;
			children = (
				74B4C1F62502659F0084BF2C /* vs2 */,
				74B4C2142502D75E0084BF2C /* vs2Mac */,
				74B4C1F52502659F0084BF2C /* Products */,
			);
			sourceTree = "<group>";
		};
		74B4C1F52502659F0084BF2C /* Products */ = {
			isa = PBXGroup;
			children = (
				74B4C1F42502659F0084BF2C /* vs2.app */,
				74B4C2132502D75E0084BF2C /* vs2Mac.app */,
			);
			name = Products;
			sourceTree = "<group>";
		};
		74B4C1F62502659F0084BF2C /* vs2 */ = {
			isa = PBXGroup;
			children = (
				74B4C1F72502659F0084BF2C /* AppDelegate.swift */,
				74B4C1F92502659F0084BF2C /* SceneDelegate.swift */,
				74B4C1FB2502659F0084BF2C /* ContentView.swift */,
				74B4C1FD250265A30084BF2C /* Assets.xcassets */,
				74B4C202250265A30084BF2C /* LaunchScreen.storyboard */,
				74B4C205250265A30084BF2C /* Info.plist */,
				74B4C1FF250265A30084BF2C /* Preview Content */,
				74B4C20B250265C90084BF2C /* VS2CameraSession.swift */,
				74B4C20D25026A420084BF2C /* VS2CameraViewController.swift */,
			);
			path = vs2;
			sourceTree = "<group>";
		};
		74B4C1FF250265A30084BF2C /* Preview Content */ = {
			isa = PBXGroup;
			children = (
				74B4C200250265A30084BF2C /* Preview Assets.xcassets */,
			);
			path = "Preview Content";
			sourceTree = "<group>";
		};
		74B4C2142502D75E0084BF2C /* vs2Mac */ = {
			isa = PBXGroup;
			children = (
				74B4C2152502D75E0084BF2C /* AppDelegate.swift */,
				74B4C2172502D75E0084BF2C /* ContentView.swift */,
				74B4C2192502D7610084BF2C /* Assets.xcassets */,
				74B4C21E2502D7610084BF2C /* Main.storyboard */,
				74B4C2212502D7610084BF2C /* Info.plist */,
				74B4C2222502D7610084BF2C /* vs2Mac.entitlements */,
				74B4C21B2502D7610084BF2C /* Preview Content */,
				74B4C2262502D7DB0084BF2C /* VS2CameraViewController.swift */,
			);
			path = vs2Mac;
			sourceTree = "<group>";
		};
		74B4C21B2502D7610084BF2C /* Preview Content */ = {
			isa = PBXGroup;
			children = (
				74B4C21C2502D7610084BF2C /* Preview Assets.xcassets */,
			);
			path = "Preview Content";
			sourceTree = "<group>";
		};
/* End PBXGroup section */

/* Begin PBXNativeTarget section */
		74B4C1F32502659F0084BF2C /* vs2 */ = {
			isa = PBXNativeTarget;
			buildConfigurationList = 74B4C208250265A30084BF2C /* Build configuration list for PBXNativeTarget "vs2" */;
			buildPhases = (
				74B4C1F02502659F0084BF2C /* Sources */,
				74B4C1F12502659F0084BF2C /* Frameworks */,
				74B4C1F22502659F0084BF2C /* Resources */,
			);
			buildRules = (
			);
			dependencies = (
			);
			name = vs2;
			productName = vs2;
			productReference = 74B4C1F42502659F0084BF2C /* vs2.app */;
			productType = "com.apple.product-type.application";
		};
		74B4C2122502D75E0084BF2C /* vs2Mac */ = {
			isa = PBXNativeTarget;
			buildConfigurationList = 74B4C2232502D7610084BF2C /* Build configuration list for PBXNativeTarget "vs2Mac" */;
			buildPhases = (
				74B4C20F2502D75E0084BF2C /* Sources */,
				74B4C2102502D75E0084BF2C /* Frameworks */,
				74B4C2112502D75E0084BF2C /* Resources */,
			);
			buildRules = (
			);
			dependencies = (
			);
			name = vs2Mac;
			productName = vs2Mac;
			productReference = 74B4C2132502D75E0084BF2C /* vs2Mac.app */;
			productType = "com.apple.product-type.application";
		};
/* End PBXNativeTarget section */

/* Begin PBXProject section */
		74B4C1EC2502659F0084BF2C /* Project object */ = {
			isa = PBXProject;
			attributes = {
				LastSwiftUpdateCheck = 1130;
				LastUpgradeCheck = 1130;
				ORGANIZATIONNAME = "SATOSHI NAKAJIMA";
				TargetAttributes = {
					74B4C1F32502659F0084BF2C = {
						CreatedOnToolsVersion = 11.3.1;
					};
					74B4C2122502D75E0084BF2C = {
						CreatedOnToolsVersion = 11.3.1;
					};
				};
			};
			buildConfigurationList = 74B4C1EF2502659F0084BF2C /* Build configuration list for PBXProject "vs2" */;
			compatibilityVersion = "Xcode 9.3";
			developmentRegion = en;
			hasScannedForEncodings = 0;
			knownRegions = (
				en,
				Base,
			);
			mainGroup = 74B4C1EB2502659F0084BF2C;
			productRefGroup = 74B4C1F52502659F0084BF2C /* Products */;
			projectDirPath = "";
			projectRoot = "";
			targets = (
				74B4C1F32502659F0084BF2C /* vs2 */,
				74B4C2122502D75E0084BF2C /* vs2Mac */,
			);
		};
/* End PBXProject section */

/* Begin PBXResourcesBuildPhase section */
		74B4C1F22502659F0084BF2C /* Resources */ = {
			isa = PBXResourcesBuildPhase;
			buildActionMask = 2147483647;
			files = (
				74B4C204250265A30084BF2C /* LaunchScreen.storyboard in Resources */,
				74B4C201250265A30084BF2C /* Preview Assets.xcassets in Resources */,
				74B4C1FE250265A30084BF2C /* Assets.xcassets in Resources */,
			);
			runOnlyForDeploymentPostprocessing = 0;
		};
		74B4C2112502D75E0084BF2C /* Resources */ = {
			isa = PBXResourcesBuildPhase;
			buildActionMask = 2147483647;
			files = (
				74B4C2202502D7610084BF2C /* Main.storyboard in Resources */,
				74B4C21D2502D7610084BF2C /* Preview Assets.xcassets in Resources */,
				74B4C21A2502D7610084BF2C /* Assets.xcassets in Resources */,
			);
			runOnlyForDeploymentPostprocessing = 0;
		};
/* End PBXResourcesBuildPhase section */

/* Begin PBXSourcesBuildPhase section */
		74B4C1F02502659F0084BF2C /* Sources */ = {
			isa = PBXSourcesBuildPhase;
			buildActionMask = 2147483647;
			files = (
				74B4C20E25026A420084BF2C /* VS2CameraViewController.swift in Sources */,
				74B4C1F82502659F0084BF2C /* AppDelegate.swift in Sources */,
				74B4C20C250265C90084BF2C /* VS2CameraSession.swift in Sources */,
				74B4C1FA2502659F0084BF2C /* SceneDelegate.swift in Sources */,
				74B4C1FC2502659F0084BF2C /* ContentView.swift in Sources */,
			);
			runOnlyForDeploymentPostprocessing = 0;
		};
		74B4C20F2502D75E0084BF2C /* Sources */ = {
			isa = PBXSourcesBuildPhase;
			buildActionMask = 2147483647;
			files = (
				74B4C2182502D75E0084BF2C /* ContentView.swift in Sources */,
				74B4C2282502D87D0084BF2C /* VS2CameraSession.swift in Sources */,
				74B4C2162502D75E0084BF2C /* AppDelegate.swift in Sources */,
				74B4C2272502D7DB0084BF2C /* VS2CameraViewController.swift in Sources */,
			);
			runOnlyForDeploymentPostprocessing = 0;
		};
/* End PBXSourcesBuildPhase section */

/* Begin PBXVariantGroup section */
		74B4C202250265A30084BF2C /* LaunchScreen.storyboard */ = {
			isa = PBXVariantGroup;
			children = (
				74B4C203250265A30084BF2C /* Base */,
			);
			name = LaunchScreen.storyboard;
			sourceTree = "<group>";
		};
		74B4C21E2502D7610084BF2C /* Main.storyboard */ = {
			isa = PBXVariantGroup;
			children = (
				74B4C21F2502D7610084BF2C /* Base */,
			);
			name = Main.storyboard;
			sourceTree = "<group>";
		};
/* End PBXVariantGroup section */

/* Begin XCBuildConfiguration section */
		74B4C206250265A30084BF2C /* Debug */ = {
			isa = XCBuildConfiguration;
			buildSettings = {
				ALWAYS_SEARCH_USER_PATHS = NO;
				CLANG_ANALYZER_NONNULL = YES;
				CLANG_ANALYZER_NUMBER_OBJECT_CONVERSION = YES_AGGRESSIVE;
				CLANG_CXX_LANGUAGE_STANDARD = "gnu++14";
				CLANG_CXX_LIBRARY = "libc++";
				CLANG_ENABLE_MODULES = YES;
				CLANG_ENABLE_OBJC_ARC = YES;
				CLANG_ENABLE_OBJC_WEAK = YES;
				CLANG_WARN_BLOCK_CAPTURE_AUTORELEASING = YES;
				CLANG_WARN_BOOL_CONVERSION = YES;
				CLANG_WARN_COMMA = YES;
				CLANG_WARN_CONSTANT_CONVERSION = YES;
				CLANG_WARN_DEPRECATED_OBJC_IMPLEMENTATIONS = YES;
				CLANG_WARN_DIRECT_OBJC_ISA_USAGE = YES_ERROR;
				CLANG_WARN_DOCUMENTATION_COMMENTS = YES;
				CLANG_WARN_EMPTY_BODY = YES;
				CLANG_WARN_ENUM_CONVERSION = YES;
				CLANG_WARN_INFINITE_RECURSION = YES;
				CLANG_WARN_INT_CONVERSION = YES;
				CLANG_WARN_NON_LITERAL_NULL_CONVERSION = YES;
				CLANG_WARN_OBJC_IMPLICIT_RETAIN_SELF = YES;
				CLANG_WARN_OBJC_LITERAL_CONVERSION = YES;
				CLANG_WARN_OBJC_ROOT_CLASS = YES_ERROR;
				CLANG_WARN_RANGE_LOOP_ANALYSIS = YES;
				CLANG_WARN_STRICT_PROTOTYPES = YES;
				CLANG_WARN_SUSPICIOUS_MOVE = YES;
				CLANG_WARN_UNGUARDED_AVAILABILITY = YES_AGGRESSIVE;
				CLANG_WARN_UNREACHABLE_CODE = YES;
				CLANG_WARN__DUPLICATE_METHOD_MATCH = YES;
				COPY_PHASE_STRIP = NO;
				DEBUG_INFORMATION_FORMAT = dwarf;
				ENABLE_STRICT_OBJC_MSGSEND = YES;
				ENABLE_TESTABILITY = YES;
				GCC_C_LANGUAGE_STANDARD = gnu11;
				GCC_DYNAMIC_NO_PIC = NO;
				GCC_NO_COMMON_BLOCKS = YES;
				GCC_OPTIMIZATION_LEVEL = 0;
				GCC_PREPROCESSOR_DEFINITIONS = (
					"DEBUG=1",
					"$(inherited)",
				);
				GCC_WARN_64_TO_32_BIT_CONVERSION = YES;
				GCC_WARN_ABOUT_RETURN_TYPE = YES_ERROR;
				GCC_WARN_UNDECLARED_SELECTOR = YES;
				GCC_WARN_UNINITIALIZED_AUTOS = YES_AGGRESSIVE;
				GCC_WARN_UNUSED_FUNCTION = YES;
				GCC_WARN_UNUSED_VARIABLE = YES;
				IPHONEOS_DEPLOYMENT_TARGET = 13.2;
				MTL_ENABLE_DEBUG_INFO = INCLUDE_SOURCE;
				MTL_FAST_MATH = YES;
				ONLY_ACTIVE_ARCH = YES;
				SDKROOT = iphoneos;
				SWIFT_ACTIVE_COMPILATION_CONDITIONS = DEBUG;
				SWIFT_OPTIMIZATION_LEVEL = "-Onone";
			};
			name = Debug;
		};
		74B4C207250265A30084BF2C /* Release */ = {
			isa = XCBuildConfiguration;
			buildSettings = {
				ALWAYS_SEARCH_USER_PATHS = NO;
				CLANG_ANALYZER_NONNULL = YES;
				CLANG_ANALYZER_NUMBER_OBJECT_CONVERSION = YES_AGGRESSIVE;
				CLANG_CXX_LANGUAGE_STANDARD = "gnu++14";
				CLANG_CXX_LIBRARY = "libc++";
				CLANG_ENABLE_MODULES = YES;
				CLANG_ENABLE_OBJC_ARC = YES;
				CLANG_ENABLE_OBJC_WEAK = YES;
				CLANG_WARN_BLOCK_CAPTURE_AUTORELEASING = YES;
				CLANG_WARN_BOOL_CONVERSION = YES;
				CLANG_WARN_COMMA = YES;
				CLANG_WARN_CONSTANT_CONVERSION = YES;
				CLANG_WARN_DEPRECATED_OBJC_IMPLEMENTATIONS = YES;
				CLANG_WARN_DIRECT_OBJC_ISA_USAGE = YES_ERROR;
				CLANG_WARN_DOCUMENTATION_COMMENTS = YES;
				CLANG_WARN_EMPTY_BODY = YES;
				CLANG_WARN_ENUM_CONVERSION = YES;
				CLANG_WARN_INFINITE_RECURSION = YES;
				CLANG_WARN_INT_CONVERSION = YES;
				CLANG_WARN_NON_LITERAL_NULL_CONVERSION = YES;
				CLANG_WARN_OBJC_IMPLICIT_RETAIN_SELF = YES;
				CLANG_WARN_OBJC_LITERAL_CONVERSION = YES;
				CLANG_WARN_OBJC_ROOT_CLASS = YES_ERROR;
				CLANG_WARN_RANGE_LOOP_ANALYSIS = YES;
				CLANG_WARN_STRICT_PROTOTYPES = YES;
				CLANG_WARN_SUSPICIOUS_MOVE = YES;
				CLANG_WARN_UNGUARDED_AVAILABILITY = YES_AGGRESSIVE;
				CLANG_WARN_UNREACHABLE_CODE = YES;
				CLANG_WARN__DUPLICATE_METHOD_MATCH = YES;
				COPY_PHASE_STRIP = NO;
				DEBUG_INFORMATION_FORMAT = "dwarf-with-dsym";
				ENABLE_NS_ASSERTIONS = NO;
				ENABLE_STRICT_OBJC_MSGSEND = YES;
				GCC_C_LANGUAGE_STANDARD = gnu11;
				GCC_NO_COMMON_BLOCKS = YES;
				GCC_WARN_64_TO_32_BIT_CONVERSION = YES;
				GCC_WARN_ABOUT_RETURN_TYPE = YES_ERROR;
				GCC_WARN_UNDECLARED_SELECTOR = YES;
				GCC_WARN_UNINITIALIZED_AUTOS = YES_AGGRESSIVE;
				GCC_WARN_UNUSED_FUNCTION = YES;
				GCC_WARN_UNUSED_VARIABLE = YES;
				IPHONEOS_DEPLOYMENT_TARGET = 13.2;
				MTL_ENABLE_DEBUG_INFO = NO;
				MTL_FAST_MATH = YES;
				SDKROOT = iphoneos;
				SWIFT_COMPILATION_MODE = wholemodule;
				SWIFT_OPTIMIZATION_LEVEL = "-O";
				VALIDATE_PRODUCT = YES;
			};
			name = Release;
		};
		74B4C209250265A30084BF2C /* Debug */ = {
			isa = XCBuildConfiguration;
			buildSettings = {
				ASSETCATALOG_COMPILER_APPICON_NAME = AppIcon;
				CODE_SIGN_STYLE = Automatic;
				DEVELOPMENT_ASSET_PATHS = "\"vs2/Preview Content\"";
				DEVELOPMENT_TEAM = H34BY2CCCD;
				ENABLE_PREVIEWS = YES;
				INFOPLIST_FILE = vs2/Info.plist;
				LD_RUNPATH_SEARCH_PATHS = (
					"$(inherited)",
					"@executable_path/Frameworks",
				);
				PRODUCT_BUNDLE_IDENTIFIER = org.singularitysociety.vs2;
				PRODUCT_NAME = "$(TARGET_NAME)";
				SWIFT_VERSION = 5.0;
				TARGETED_DEVICE_FAMILY = "1,2";
			};
			name = Debug;
		};
		74B4C20A250265A30084BF2C /* Release */ = {
			isa = XCBuildConfiguration;
			buildSettings = {
				ASSETCATALOG_COMPILER_APPICON_NAME = AppIcon;
				CODE_SIGN_STYLE = Automatic;
				DEVELOPMENT_ASSET_PATHS = "\"vs2/Preview Content\"";
				DEVELOPMENT_TEAM = H34BY2CCCD;
				ENABLE_PREVIEWS = YES;
				INFOPLIST_FILE = vs2/Info.plist;
				LD_RUNPATH_SEARCH_PATHS = (
					"$(inherited)",
					"@executable_path/Frameworks",
				);
				PRODUCT_BUNDLE_IDENTIFIER = org.singularitysociety.vs2;
				PRODUCT_NAME = "$(TARGET_NAME)";
				SWIFT_VERSION = 5.0;
				TARGETED_DEVICE_FAMILY = "1,2";
			};
			name = Release;
		};
		74B4C2242502D7610084BF2C /* Debug */ = {
			isa = XCBuildConfiguration;
			buildSettings = {
				ASSETCATALOG_COMPILER_APPICON_NAME = AppIcon;
				CODE_SIGN_ENTITLEMENTS = vs2Mac/vs2Mac.entitlements;
				CODE_SIGN_STYLE = Automatic;
				COMBINE_HIDPI_IMAGES = YES;
				DEVELOPMENT_ASSET_PATHS = "\"vs2Mac/Preview Content\"";
				DEVELOPMENT_TEAM = H34BY2CCCD;
				ENABLE_HARDENED_RUNTIME = YES;
				ENABLE_PREVIEWS = YES;
				INFOPLIST_FILE = vs2Mac/Info.plist;
				LD_RUNPATH_SEARCH_PATHS = (
					"$(inherited)",
					"@executable_path/../Frameworks",
				);
				MACOSX_DEPLOYMENT_TARGET = 10.15;
				PRODUCT_BUNDLE_IDENTIFIER = org.singularitysociety.vs2Mac;
				PRODUCT_NAME = "$(TARGET_NAME)";
				SDKROOT = macosx;
				SWIFT_VERSION = 5.0;
			};
			name = Debug;
		};
		74B4C2252502D7610084BF2C /* Release */ = {
			isa = XCBuildConfiguration;
			buildSettings = {
				ASSETCATALOG_COMPILER_APPICON_NAME = AppIcon;
				CODE_SIGN_ENTITLEMENTS = vs2Mac/vs2Mac.entitlements;
				CODE_SIGN_STYLE = Automatic;
				COMBINE_HIDPI_IMAGES = YES;
				DEVELOPMENT_ASSET_PATHS = "\"vs2Mac/Preview Content\"";
				DEVELOPMENT_TEAM = H34BY2CCCD;
				ENABLE_HARDENED_RUNTIME = YES;
				ENABLE_PREVIEWS = YES;
				INFOPLIST_FILE = vs2Mac/Info.plist;
				LD_RUNPATH_SEARCH_PATHS = (
					"$(inherited)",
					"@executable_path/../Frameworks",
				);
				MACOSX_DEPLOYMENT_TARGET = 10.15;
				PRODUCT_BUNDLE_IDENTIFIER = org.singularitysociety.vs2Mac;
				PRODUCT_NAME = "$(TARGET_NAME)";
				SDKROOT = macosx;
				SWIFT_VERSION = 5.0;
			};
			name = Release;
		};
/* End XCBuildConfiguration section */

/* Begin XCConfigurationList section */
		74B4C1EF2502659F0084BF2C /* Build configuration list for PBXProject "vs2" */ = {
			isa = XCConfigurationList;
			buildConfigurations = (
				74B4C206250265A30084BF2C /* Debug */,
				74B4C207250265A30084BF2C /* Release */,
			);
			defaultConfigurationIsVisible = 0;
			defaultConfigurationName = Release;
		};
		74B4C208250265A30084BF2C /* Build configuration list for PBXNativeTarget "vs2" */ = {
			isa = XCConfigurationList;
			buildConfigurations = (
				74B4C209250265A30084BF2C /* Debug */,
				74B4C20A250265A30084BF2C /* Release */,
			);
			defaultConfigurationIsVisible = 0;
			defaultConfigurationName = Release;
		};
		74B4C2232502D7610084BF2C /* Build configuration list for PBXNativeTarget "vs2Mac" */ = {
			isa = XCConfigurationList;
			buildConfigurations = (
				74B4C2242502D7610084BF2C /* Debug */,
				74B4C2252502D7610084BF2C /* Release */,
			);
			defaultConfigurationIsVisible = 0;
			defaultConfigurationName = Release;
		};
/* End XCConfigurationList section */
	};
	rootObject = 74B4C1EC2502659F0084BF2C /* Project object */;
}
